
Microsoft Visual Studio Solution File, Format Version 12.00
# Visual Studio Version 17
VisualStudioVersion = 17.8.34322.80
MinimumVisualStudioVersion = 10.0.40219.1
Project("{FAE04EC0-301F-11D3-BF4B-00C04F79EFBC}") = "WpfMyApp", "WpfMyApp.csproj", "{2348CB3C-230B-4E83-8777-C2A94A289A75}"
EndProject
Global
	GlobalSection(SolutionConfigurationPlatforms) = preSolution
		Debug|Any CPU = Debug|Any CPU
		Release|Any CPU = Release|Any CPU
	EndGlobalSection
	GlobalSection(ProjectConfigurationPlatforms) = postSolution
		{2348CB3C-230B-4E83-8777-C2A94A289A75}.Debug|Any CPU.ActiveCfg = Debug|Any CPU
		{2348CB3C-230B-4E83-8777-C2A94A289A75}.Debug|Any CPU.Build.0 = Debug|Any CPU
		{2348CB3C-230B-4E83-8777-C2A94A289A75}.Release|Any CPU.ActiveCfg = Release|Any CPU
		{2348CB3C-230B-4E83-8777-C2A94A289A75}.Release|Any CPU.Build.0 = Release|Any CPU
	EndGlobalSection
	GlobalSection(SolutionProperties) = preSolution
		HideSolutionNode = FALSE
	EndGlobalSection
	GlobalSection(ExtensibilityGlobals) = postSolution
		SolutionGuid = {37D9AE0F-F149-4C95-AE01-AA09B170A8D8}
	EndGlobalSection
EndGlobal
